
Microsoft Visual Studio Solution File, Format Version 12.00
# Visual Studio Version 16
VisualStudioVersion = 25.0.1704.0
MinimumVisualStudioVersion = 10.0.40219.1
Project("{FAE04EC0-301F-11D3-BF4B-00C04F79EFBC}") = "DokumentenAblage", "DokumentenAblage\DokumentenAblage.csproj", "{03811837-9A95-47BE-840A-0FDC22D48C1F}"
EndProject
Global
	GlobalSection(SolutionConfigurationPlatforms) = preSolution
		Debug|Any CPU = Debug|Any CPU
		Release|Any CPU = Release|Any CPU
	EndGlobalSection
	GlobalSection(ProjectConfigurationPlatforms) = postSolution
		{03811837-9A95-47BE-840A-0FDC22D48C1F}.Debug|Any CPU.ActiveCfg = Debug|Any CPU
		{03811837-9A95-47BE-840A-0FDC22D48C1F}.Debug|Any CPU.Build.0 = Debug|Any CPU
		{03811837-9A95-47BE-840A-0FDC22D48C1F}.Release|Any CPU.ActiveCfg = Release|Any CPU
		{03811837-9A95-47BE-840A-0FDC22D48C1F}.Release|Any CPU.Build.0 = Release|Any CPU
	EndGlobalSection
	GlobalSection(SolutionProperties) = preSolution
		HideSolutionNode = FALSE
	EndGlobalSection
	GlobalSection(ExtensibilityGlobals) = postSolution
		SolutionGuid = {B46DFF18-58BD-4569-8E10-3209A860978F}
	EndGlobalSection
EndGlobal
